
Microsoft Visual Studio Solution File, Format Version 12.00
# Visual Studio Version 18
VisualStudioVersion = 18.9.12120.119 stable
MinimumVisualStudioVersion = 10.0.40219.1
Project("{2150E333-8FDC-42A3-9474-1A3956D46DE8}") = "src", "src", "{827E0CD3-B72D-47B6-A68D-7590B98EB39B}"
EndProject
Project("{FAE04EC0-301F-11D3-BF4B-00C04F79EFBC}") = "InterfacesComProposito.Api", "src\InterfacesComProposito.Api\InterfacesComProposito.Api.csproj", "{4CB5861B-6D75-4305-A9D5-6C546578E663}"
EndProject
Project("{FAE04EC0-301F-11D3-BF4B-00C04F79EFBC}") = "InterfacesComProposito.Application", "src\InterfacesComProposito.Application\InterfacesComProposito.Application.csproj", "{89156DE4-70A3-4DD7-BE2C-D6CE13EADF6F}"
EndProject
Project("{FAE04EC0-301F-11D3-BF4B-00C04F79EFBC}") = "InterfacesComProposito.Domain", "src\InterfacesComProposito.Domain\InterfacesComProposito.Domain.csproj", "{5473A8E6-634D-429D-B078-D548575B160D}"
EndProject
Project("{FAE04EC0-301F-11D3-BF4B-00C04F79EFBC}") = "InterfacesComProposito.Pricing.Contracts", "src\InterfacesComProposito.Pricing.Contracts\InterfacesComProposito.Pricing.Contracts.csproj", "{D9CC4CF9-993C-41CF-B37F-5381094A4B23}"
EndProject
Project("{FAE04EC0-301F-11D3-BF4B-00C04F79EFBC}") = "InterfacesComProposito.Infrastructure", "src\InterfacesComProposito.Infrastructure\InterfacesComProposito.Infrastructure.csproj", "{17D50018-0396-44E8-89F1-81CE576016CE}"
EndProject
Project("{2150E333-8FDC-42A3-9474-1A3956D46DE8}") = "tests", "tests", "{0AB3BF05-4346-4AA6-1389-037BE0695223}"
EndProject
Project("{FAE04EC0-301F-11D3-BF4B-00C04F79EFBC}") = "InterfacesComProposito.Api.IntegrationTests", "tests\InterfacesComProposito.Api.IntegrationTests\InterfacesComProposito.Api.IntegrationTests.csproj", "{9B2948A0-53C4-4C4E-9DE6-28245777F1BA}"
EndProject
Project("{FAE04EC0-301F-11D3-BF4B-00C04F79EFBC}") = "InterfacesComProposito.Application.Tests", "tests\InterfacesComProposito.Application.Tests\InterfacesComProposito.Application.Tests.csproj", "{01367889-9584-49BB-B9C5-6D4588C74920}"
EndProject
Project("{FAE04EC0-301F-11D3-BF4B-00C04F79EFBC}") = "InterfacesComProposito.Domain.Tests", "tests\InterfacesComProposito.Domain.Tests\InterfacesComProposito.Domain.Tests.csproj", "{1E6ED684-28F4-45A9-A0A0-E2E4B5170F4D}"
EndProject
Project("{2150E333-8FDC-42A3-9474-1A3956D46DE8}") = "1 - API", "1 - API", "{D59B4D47-06E2-4072-B01D-F69F5A99C4E0}"
EndProject
Project("{2150E333-8FDC-42A3-9474-1A3956D46DE8}") = "2 - Application", "2 - Application", "{99D2CFB6-78CF-4374-996F-A0775B5425DD}"
EndProject
Project("{2150E333-8FDC-42A3-9474-1A3956D46DE8}") = "3 - Domain", "3 - Domain", "{77CFD468-10C6-41D0-8E56-C8AE44D7F50B}"
EndProject
Project("{2150E333-8FDC-42A3-9474-1A3956D46DE8}") = "4 - Infra", "4 - Infra", "{1D5E6415-7263-49BB-B5AB-CEFB3FF96750}"
EndProject
Project("{2150E333-8FDC-42A3-9474-1A3956D46DE8}") = "3.2 - Contracts", "3.2 - Contracts", "{F9427916-3EA4-4DA8-9A9A-57603D6079A7}"
EndProject
Project("{2150E333-8FDC-42A3-9474-1A3956D46DE8}") = "3.1 - Model", "3.1 - Model", "{8D1E4BB2-809F-48CB-B562-2A6F60DA34C2}"
EndProject
Project("{2150E333-8FDC-42A3-9474-1A3956D46DE8}") = "5 - Miscellaneous", "5 - Miscellaneous", "{8B25CC02-12BC-4D3A-8C3C-2F4AC4D51023}"
EndProject
Project("{FAE04EC0-301F-11D3-BF4B-00C04F79EFBC}") = "InterfacesComProposito.IoC", "InterfacesComProposito.IoC\InterfacesComProposito.IoC.csproj", "{9C04170D-C861-472B-AB76-AABA558FE792}"
EndProject
Global
	GlobalSection(SolutionConfigurationPlatforms) = preSolution
		Debug|Any CPU = Debug|Any CPU
		Debug|x64 = Debug|x64
		Debug|x86 = Debug|x86
		Release|Any CPU = Release|Any CPU
		Release|x64 = Release|x64
		Release|x86 = Release|x86
	EndGlobalSection
	GlobalSection(ProjectConfigurationPlatforms) = postSolution
		{4CB5861B-6D75-4305-A9D5-6C546578E663}.Debug|Any CPU.ActiveCfg = Debug|Any CPU
		{4CB5861B-6D75-4305-A9D5-6C546578E663}.Debug|Any CPU.Build.0 = Debug|Any CPU
		{4CB5861B-6D75-4305-A9D5-6C546578E663}.Debug|x64.ActiveCfg = Debug|Any CPU
		{4CB5861B-6D75-4305-A9D5-6C546578E663}.Debug|x64.Build.0 = Debug|Any CPU
		{4CB5861B-6D75-4305-A9D5-6C546578E663}.Debug|x86.ActiveCfg = Debug|Any CPU
		{4CB5861B-6D75-4305-A9D5-6C546578E663}.Debug|x86.Build.0 = Debug|Any CPU
		{4CB5861B-6D75-4305-A9D5-6C546578E663}.Release|Any CPU.ActiveCfg = Release|Any CPU
		{4CB5861B-6D75-4305-A9D5-6C546578E663}.Release|Any CPU.Build.0 = Release|Any CPU
		{4CB5861B-6D75-4305-A9D5-6C546578E663}.Release|x64.ActiveCfg = Release|Any CPU
		{4CB5861B-6D75-4305-A9D5-6C546578E663}.Release|x64.Build.0 = Release|Any CPU
		{4CB5861B-6D75-4305-A9D5-6C546578E663}.Release|x86.ActiveCfg = Release|Any CPU
		{4CB5861B-6D75-4305-A9D5-6C546578E663}.Release|x86.Build.0 = Release|Any CPU
		{89156DE4-70A3-4DD7-BE2C-D6CE13EADF6F}.Debug|Any CPU.ActiveCfg = Debug|Any CPU
		{89156DE4-70A3-4DD7-BE2C-D6CE13EADF6F}.Debug|Any CPU.Build.0 = Debug|Any CPU
		{89156DE4-70A3-4DD7-BE2C-D6CE13EADF6F}.Debug|x64.ActiveCfg = Debug|Any CPU
		{89156DE4-70A3-4DD7-BE2C-D6CE13EADF6F}.Debug|x64.Build.0 = Debug|Any CPU
		{89156DE4-70A3-4DD7-BE2C-D6CE13EADF6F}.Debug|x86.ActiveCfg = Debug|Any CPU
		{89156DE4-70A3-4DD7-BE2C-D6CE13EADF6F}.Debug|x86.Build.0 = Debug|Any CPU
		{89156DE4-70A3-4DD7-BE2C-D6CE13EADF6F}.Release|Any CPU.ActiveCfg = Release|Any CPU
		{89156DE4-70A3-4DD7-BE2C-D6CE13EADF6F}.Release|Any CPU.Build.0 = Release|Any CPU
		{89156DE4-70A3-4DD7-BE2C-D6CE13EADF6F}.Release|x64.ActiveCfg = Release|Any CPU
		{89156DE4-70A3-4DD7-BE2C-D6CE13EADF6F}.Release|x64.Build.0 = Release|Any CPU
		{89156DE4-70A3-4DD7-BE2C-D6CE13EADF6F}.Release|x86.ActiveCfg = Release|Any CPU
		{89156DE4-70A3-4DD7-BE2C-D6CE13EADF6F}.Release|x86.Build.0 = Release|Any CPU
		{5473A8E6-634D-429D-B078-D548575B160D}.Debug|Any CPU.ActiveCfg = Debug|Any CPU
		{5473A8E6-634D-429D-B078-D548575B160D}.Debug|Any CPU.Build.0 = Debug|Any CPU
		{5473A8E6-634D-429D-B078-D548575B160D}.Debug|x64.ActiveCfg = Debug|Any CPU
		{5473A8E6-634D-429D-B078-D548575B160D}.Debug|x64.Build.0 = Debug|Any CPU
		{5473A8E6-634D-429D-B078-D548575B160D}.Debug|x86.ActiveCfg = Debug|Any CPU
		{5473A8E6-634D-429D-B078-D548575B160D}.Debug|x86.Build.0 = Debug|Any CPU
		{5473A8E6-634D-429D-B078-D548575B160D}.Release|Any CPU.ActiveCfg = Release|Any CPU
		{5473A8E6-634D-429D-B078-D548575B160D}.Release|Any CPU.Build.0 = Release|Any CPU
		{5473A8E6-634D-429D-B078-D548575B160D}.Release|x64.ActiveCfg = Release|Any CPU
		{5473A8E6-634D-429D-B078-D548575B160D}.Release|x64.Build.0 = Release|Any CPU
		{5473A8E6-634D-429D-B078-D548575B160D}.Release|x86.ActiveCfg = Release|Any CPU
		{5473A8E6-634D-429D-B078-D548575B160D}.Release|x86.Build.0 = Release|Any CPU
		{D9CC4CF9-993C-41CF-B37F-5381094A4B23}.Debug|Any CPU.ActiveCfg = Debug|Any CPU
		{D9CC4CF9-993C-41CF-B37F-5381094A4B23}.Debug|Any CPU.Build.0 = Debug|Any CPU
		{D9CC4CF9-993C-41CF-B37F-5381094A4B23}.Debug|x64.ActiveCfg = Debug|Any CPU
		{D9CC4CF9-993C-41CF-B37F-5381094A4B23}.Debug|x64.Build.0 = Debug|Any CPU
		{D9CC4CF9-993C-41CF-B37F-5381094A4B23}.Debug|x86.ActiveCfg = Debug|Any CPU
		{D9CC4CF9-993C-41CF-B37F-5381094A4B23}.Debug|x86.Build.0 = Debug|Any CPU
		{D9CC4CF9-993C-41CF-B37F-5381094A4B23}.Release|Any CPU.ActiveCfg = Release|Any CPU
		{D9CC4CF9-993C-41CF-B37F-5381094A4B23}.Release|Any CPU.Build.0 = Release|Any CPU
		{D9CC4CF9-993C-41CF-B37F-5381094A4B23}.Release|x64.ActiveCfg = Release|Any CPU
		{D9CC4CF9-993C-41CF-B37F-5381094A4B23}.Release|x64.Build.0 = Release|Any CPU
		{D9CC4CF9-993C-41CF-B37F-5381094A4B23}.Release|x86.ActiveCfg = Release|Any CPU
		{D9CC4CF9-993C-41CF-B37F-5381094A4B23}.Release|x86.Build.0 = Release|Any CPU
		{17D50018-0396-44E8-89F1-81CE576016CE}.Debug|Any CPU.ActiveCfg = Debug|Any CPU
		{17D50018-0396-44E8-89F1-81CE576016CE}.Debug|Any CPU.Build.0 = Debug|Any CPU
		{17D50018-0396-44E8-89F1-81CE576016CE}.Debug|x64.ActiveCfg = Debug|Any CPU
		{17D50018-0396-44E8-89F1-81CE576016CE}.Debug|x64.Build.0 = Debug|Any CPU
		{17D50018-0396-44E8-89F1-81CE576016CE}.Debug|x86.ActiveCfg = Debug|Any CPU
		{17D50018-0396-44E8-89F1-81CE576016CE}.Debug|x86.Build.0 = Debug|Any CPU
		{17D50018-0396-44E8-89F1-81CE576016CE}.Release|Any CPU.ActiveCfg = Release|Any CPU
		{17D50018-0396-44E8-89F1-81CE576016CE}.Release|Any CPU.Build.0 = Release|Any CPU
		{17D50018-0396-44E8-89F1-81CE576016CE}.Release|x64.ActiveCfg = Release|Any CPU
		{17D50018-0396-44E8-89F1-81CE576016CE}.Release|x64.Build.0 = Release|Any CPU
		{17D50018-0396-44E8-89F1-81CE576016CE}.Release|x86.ActiveCfg = Release|Any CPU
		{17D50018-0396-44E8-89F1-81CE576016CE}.Release|x86.Build.0 = Release|Any CPU
		{9B2948A0-53C4-4C4E-9DE6-28245777F1BA}.Debug|Any CPU.ActiveCfg = Debug|Any CPU
		{9B2948A0-53C4-4C4E-9DE6-28245777F1BA}.Debug|Any CPU.Build.0 = Debug|Any CPU
		{9B2948A0-53C4-4C4E-9DE6-28245777F1BA}.Debug|x64.ActiveCfg = Debug|Any CPU
		{9B2948A0-53C4-4C4E-9DE6-28245777F1BA}.Debug|x64.Build.0 = Debug|Any CPU
		{9B2948A0-53C4-4C4E-9DE6-28245777F1BA}.Debug|x86.ActiveCfg = Debug|Any CPU
		{9B2948A0-53C4-4C4E-9DE6-28245777F1BA}.Debug|x86.Build.0 = Debug|Any CPU
		{9B2948A0-53C4-4C4E-9DE6-28245777F1BA}.Release|Any CPU.ActiveCfg = Release|Any CPU
		{9B2948A0-53C4-4C4E-9DE6-28245777F1BA}.Release|Any CPU.Build.0 = Release|Any CPU
		{9B2948A0-53C4-4C4E-9DE6-28245777F1BA}.Release|x64.ActiveCfg = Release|Any CPU
		{9B2948A0-53C4-4C4E-9DE6-28245777F1BA}.Release|x64.Build.0 = Release|Any CPU
		{9B2948A0-53C4-4C4E-9DE6-28245777F1BA}.Release|x86.ActiveCfg = Release|Any CPU
		{9B2948A0-53C4-4C4E-9DE6-28245777F1BA}.Release|x86.Build.0 = Release|Any CPU
		{01367889-9584-49BB-B9C5-6D4588C74920}.Debug|Any CPU.ActiveCfg = Debug|Any CPU
		{01367889-9584-49BB-B9C5-6D4588C74920}.Debug|Any CPU.Build.0 = Debug|Any CPU
		{01367889-9584-49BB-B9C5-6D4588C74920}.Debug|x64.ActiveCfg = Debug|Any CPU
		{01367889-9584-49BB-B9C5-6D4588C74920}.Debug|x64.Build.0 = Debug|Any CPU
		{01367889-9584-49BB-B9C5-6D4588C74920}.Debug|x86.ActiveCfg = Debug|Any CPU
		{01367889-9584-49BB-B9C5-6D4588C74920}.Debug|x86.Build.0 = Debug|Any CPU
		{01367889-9584-49BB-B9C5-6D4588C74920}.Release|Any CPU.ActiveCfg = Release|Any CPU
		{01367889-9584-49BB-B9C5-6D4588C74920}.Release|Any CPU.Build.0 = Release|Any CPU
		{01367889-9584-49BB-B9C5-6D4588C74920}.Release|x64.ActiveCfg = Release|Any CPU
		{01367889-9584-49BB-B9C5-6D4588C74920}.Release|x64.Build.0 = Release|Any CPU
		{01367889-9584-49BB-B9C5-6D4588C74920}.Release|x86.ActiveCfg = Release|Any CPU
		{01367889-9584-49BB-B9C5-6D4588C74920}.Release|x86.Build.0 = Release|Any CPU
		{1E6ED684-28F4-45A9-A0A0-E2E4B5170F4D}.Debug|Any CPU.ActiveCfg = Debug|Any CPU
		{1E6ED684-28F4-45A9-A0A0-E2E4B5170F4D}.Debug|Any CPU.Build.0 = Debug|Any CPU
		{1E6ED684-28F4-45A9-A0A0-E2E4B5170F4D}.Debug|x64.ActiveCfg = Debug|Any CPU
		{1E6ED684-28F4-45A9-A0A0-E2E4B5170F4D}.Debug|x64.Build.0 = Debug|Any CPU
		{1E6ED684-28F4-45A9-A0A0-E2E4B5170F4D}.Debug|x86.ActiveCfg = Debug|Any CPU
		{1E6ED684-28F4-45A9-A0A0-E2E4B5170F4D}.Debug|x86.Build.0 = Debug|Any CPU
		{1E6ED684-28F4-45A9-A0A0-E2E4B5170F4D}.Release|Any CPU.ActiveCfg = Release|Any CPU
		{1E6ED684-28F4-45A9-A0A0-E2E4B5170F4D}.Release|Any CPU.Build.0 = Release|Any CPU
		{1E6ED684-28F4-45A9-A0A0-E2E4B5170F4D}.Release|x64.ActiveCfg = Release|Any CPU
		{1E6ED684-28F4-45A9-A0A0-E2E4B5170F4D}.Release|x64.Build.0 = Release|Any CPU
		{1E6ED684-28F4-45A9-A0A0-E2E4B5170F4D}.Release|x86.ActiveCfg = Release|Any CPU
		{1E6ED684-28F4-45A9-A0A0-E2E4B5170F4D}.Release|x86.Build.0 = Release|Any CPU
		{9C04170D-C861-472B-AB76-AABA558FE792}.Debug|Any CPU.ActiveCfg = Debug|Any CPU
		{9C04170D-C861-472B-AB76-AABA558FE792}.Debug|Any CPU.Build.0 = Debug|Any CPU
		{9C04170D-C861-472B-AB76-AABA558FE792}.Debug|x64.ActiveCfg = Debug|Any CPU
		{9C04170D-C861-472B-AB76-AABA558FE792}.Debug|x64.Build.0 = Debug|Any CPU
		{9C04170D-C861-472B-AB76-AABA558FE792}.Debug|x86.ActiveCfg = Debug|Any CPU
		{9C04170D-C861-472B-AB76-AABA558FE792}.Debug|x86.Build.0 = Debug|Any CPU
		{9C04170D-C861-472B-AB76-AABA558FE792}.Release|Any CPU.ActiveCfg = Release|Any CPU
		{9C04170D-C861-472B-AB76-AABA558FE792}.Release|Any CPU.Build.0 = Release|Any CPU
		{9C04170D-C861-472B-AB76-AABA558FE792}.Release|x64.ActiveCfg = Release|Any CPU
		{9C04170D-C861-472B-AB76-AABA558FE792}.Release|x64.Build.0 = Release|Any CPU
		{9C04170D-C861-472B-AB76-AABA558FE792}.Release|x86.ActiveCfg = Release|Any CPU
		{9C04170D-C861-472B-AB76-AABA558FE792}.Release|x86.Build.0 = Release|Any CPU
	EndGlobalSection
	GlobalSection(SolutionProperties) = preSolution
		HideSolutionNode = FALSE
	EndGlobalSection
	GlobalSection(NestedProjects) = preSolution
		{4CB5861B-6D75-4305-A9D5-6C546578E663} = {D59B4D47-06E2-4072-B01D-F69F5A99C4E0}
		{89156DE4-70A3-4DD7-BE2C-D6CE13EADF6F} = {99D2CFB6-78CF-4374-996F-A0775B5425DD}
		{5473A8E6-634D-429D-B078-D548575B160D} = {8D1E4BB2-809F-48CB-B562-2A6F60DA34C2}
		{D9CC4CF9-993C-41CF-B37F-5381094A4B23} = {F9427916-3EA4-4DA8-9A9A-57603D6079A7}
		{17D50018-0396-44E8-89F1-81CE576016CE} = {1D5E6415-7263-49BB-B5AB-CEFB3FF96750}
		{9B2948A0-53C4-4C4E-9DE6-28245777F1BA} = {0AB3BF05-4346-4AA6-1389-037BE0695223}
		{01367889-9584-49BB-B9C5-6D4588C74920} = {0AB3BF05-4346-4AA6-1389-037BE0695223}
		{1E6ED684-28F4-45A9-A0A0-E2E4B5170F4D} = {0AB3BF05-4346-4AA6-1389-037BE0695223}
		{D59B4D47-06E2-4072-B01D-F69F5A99C4E0} = {827E0CD3-B72D-47B6-A68D-7590B98EB39B}
		{99D2CFB6-78CF-4374-996F-A0775B5425DD} = {827E0CD3-B72D-47B6-A68D-7590B98EB39B}
		{77CFD468-10C6-41D0-8E56-C8AE44D7F50B} = {827E0CD3-B72D-47B6-A68D-7590B98EB39B}
		{1D5E6415-7263-49BB-B5AB-CEFB3FF96750} = {827E0CD3-B72D-47B6-A68D-7590B98EB39B}
		{F9427916-3EA4-4DA8-9A9A-57603D6079A7} = {77CFD468-10C6-41D0-8E56-C8AE44D7F50B}
		{8D1E4BB2-809F-48CB-B562-2A6F60DA34C2} = {77CFD468-10C6-41D0-8E56-C8AE44D7F50B}
		{8B25CC02-12BC-4D3A-8C3C-2F4AC4D51023} = {827E0CD3-B72D-47B6-A68D-7590B98EB39B}
		{9C04170D-C861-472B-AB76-AABA558FE792} = {8B25CC02-12BC-4D3A-8C3C-2F4AC4D51023}
	EndGlobalSection
	GlobalSection(ExtensibilityGlobals) = postSolution
		SolutionGuid = {2AE547BC-751F-47A0-82AA-1BE951EB6371}
	EndGlobalSection
EndGlobal
